github.com/go-telegram-bot-api/telegram-bot-api v4.6.4+incompatible h1:2cauKuaELYAEARXRkq2LrJ0yDDv1rW7+wrTEdVL3uaU=
github.com/go-telegram-bot-api/telegram-bot-api v4.6.4+incompatible/go.mod h1:qf9acutJ8cwBUhm1bqgz6Bei9/C/c93FPDljKWwsOgM=
github.com/pkg/errors v0.8.1 h1:iURUrRGxPUNPdy5/HRSm+Yj6okJ6UtLINN0Q9M4+h3I=
github.com/pkg/errors v0.8.1/go.mod h1:bwawxfHBFNV+L2hUp1rHADufV3IMtnDRdf1r5NINEl0=
github.com/pkg/errors v0.9.1 h1:FEBLx1zS214owpjy7qsBeixbURkuhQAwrK5UwLGTwt4=
github.com/pkg/errors v0.9.1/go.mod h1:bwawxfHBFNV+L2hUp1rHADufV3IMtnDRdf1r5NINEl0=
github.com/technoweenie/multipartstreamer v1.0.1 h1:XRztA5MXiR1TIRHxH2uNxXxaIkKQDeX7m2XsSOlQEnM=
github.com/technoweenie/multipartstreamer v1.0.1/go.mod h1:jNVxdtShOxzAsukZwTSw6MDx5eUJoiEBsSvzDU9uzog=
github.com/yanzay/log v0.0.0-20160419144809-87352bb23506 h1:RPrQRi67MUoUPg/3wwL9K9vKVWAB180e2WJgxC02CJE=
github.com/yanzay/log v0.0.0-20160419144809-87352bb23506/go.mod h1:x2hAcqPbZzQz79Fzr9xEe7BM73+UsZ3nBucx2u30oSk=
github.com/yanzay/tbot v1.0.0 h1:pKLHIvdiHRgU5iTfpWlgMTCWyD4vIQtAsOy7LCYMsAo=
github.com/yanzay/tbot v1.0.0/go.mod h1:rS36e4e2P56jkI0bUuZtzjBBIwMIdBBTUHfI4tgG5BM=
github.com/yanzay/tbot/v2 v2.1.0 h1:mppieSOIbzaCjp2en66Fz4unIJ57+aalQfdGbtYmaKg=
github.com/yanzay/tbot/v2 v2.1.0/go.mod h1:q0+8JblBq9tLAnKHdBIZsHwDvMS9TfO6mNfaAk1VrHg=
github.com/zelenin/go-tdlib v0.2.0 h1:i5H3zQLPKjiP5NjLwoU7K9gKkwfhjY2i1GIqxQe8NBA=
github.com/zelenin/go-tdlib v0.2.0/go.mod h1:Xs8fXbk5n7VaPyrSs9DP7QYoBScWYsjX+lUcWmx1DIU=
gopkg.in/tucnak/telebot.v2 v2.0.0-20200301001213-9852df39ae6c h1:+7l/yyky9hchNME0hDMl+cA+wVlHQGte/5EwKHeSqoc=
gopkg.in/tucnak/telebot.v2 v2.0.0-20200301001213-9852df39ae6c/go.mod h1:+//wyPtHTeW2kfyEBwB05Hqnxev7AGrsLIyylSH++KU=
